
Microsoft Visual Studio Solution File, Format Version 12.00
# Visual Studio 15
VisualStudioVersion = 15.0.28307.136
MinimumVisualStudioVersion = 10.0.40219.1
Project("{9A19103F-16F7-4668-BE54-9A1E7A4F7556}") = "TwoFactorAuthNetSkiaSharpQrProvider", "source\TwoFactorAuthNetSkiaSharpQrProvider.csproj", "{C1A7F2D8-E5C3-4AC5-BB94-96BEF45D2EE3}"
EndProject
Project("{2150E333-8FDC-42A3-9474-1A3956D46DE8}") = "Docs", "Docs", "{D63AEAFB-27C0-4588-8E86-46D69E3D7CA2}"
	ProjectSection(SolutionItems) = preProject
		changes.md = changes.md
		readme.md = readme.md
	EndProjectSection
EndProject
Global
	GlobalSection(SolutionConfigurationPlatforms) = preSolution
		Debug|Any CPU = Debug|Any CPU
		Release|Any CPU = Release|Any CPU
	EndGlobalSection
	GlobalSection(ProjectConfigurationPlatforms) = postSolution
		{C1A7F2D8-E5C3-4AC5-BB94-96BEF45D2EE3}.Debug|Any CPU.ActiveCfg = Debug|Any CPU
		{C1A7F2D8-E5C3-4AC5-BB94-96BEF45D2EE3}.Debug|Any CPU.Build.0 = Debug|Any CPU
		{C1A7F2D8-E5C3-4AC5-BB94-96BEF45D2EE3}.Release|Any CPU.ActiveCfg = Release|Any CPU
		{C1A7F2D8-E5C3-4AC5-BB94-96BEF45D2EE3}.Release|Any CPU.Build.0 = Release|Any CPU
	EndGlobalSection
	GlobalSection(SolutionProperties) = preSolution
		HideSolutionNode = FALSE
	EndGlobalSection
	GlobalSection(ExtensibilityGlobals) = postSolution
		SolutionGuid = {52C86309-98ED-450B-A486-75B4F4300112}
	EndGlobalSection
EndGlobal
